
Microsoft Visual Studio Solution File, Format Version 12.00
# Visual Studio 2015
Project("{FAE04EC0-301F-11D3-BF4B-00C04F79EFBC}") = "Chroma.CSharp", "Chroma.CSharp.csproj", "{DEA52772-A460-BC28-29DE-3698A29E4C93}"
EndProject
Project("{FAE04EC0-301F-11D3-BF4B-00C04F79EFBC}") = "Chroma.CSharp.Editor", "Chroma.CSharp.Editor.csproj", "{2E6BEF0E-9D4C-8168-809D-8595AB3C30E9}"
EndProject
Global
	GlobalSection(SolutionConfigurationPlatforms) = preSolution
		Debug|Any CPU = Debug|Any CPU
		Release|Any CPU = Release|Any CPU
	EndGlobalSection
	GlobalSection(ProjectConfigurationPlatforms) = postSolution
		{DEA52772-A460-BC28-29DE-3698A29E4C93}.Debug|Any CPU.ActiveCfg = Debug|Any CPU
		{DEA52772-A460-BC28-29DE-3698A29E4C93}.Debug|Any CPU.Build.0 = Debug|Any CPU
		{DEA52772-A460-BC28-29DE-3698A29E4C93}.Release|Any CPU.ActiveCfg = Release|Any CPU
		{DEA52772-A460-BC28-29DE-3698A29E4C93}.Release|Any CPU.Build.0 = Release|Any CPU
		{2E6BEF0E-9D4C-8168-809D-8595AB3C30E9}.Debug|Any CPU.ActiveCfg = Debug|Any CPU
		{2E6BEF0E-9D4C-8168-809D-8595AB3C30E9}.Debug|Any CPU.Build.0 = Debug|Any CPU
		{2E6BEF0E-9D4C-8168-809D-8595AB3C30E9}.Release|Any CPU.ActiveCfg = Release|Any CPU
		{2E6BEF0E-9D4C-8168-809D-8595AB3C30E9}.Release|Any CPU.Build.0 = Release|Any CPU
	EndGlobalSection
	GlobalSection(SolutionProperties) = preSolution
		HideSolutionNode = FALSE
	EndGlobalSection
EndGlobal
